
Microsoft Visual Studio Solution File, Format Version 12.00
# Visual Studio Version 16
VisualStudioVersion = 16.0.28407.52
MinimumVisualStudioVersion = 10.0.40219.1
Project("{FAE04EC0-301F-11D3-BF4B-00C04F79EFBC}") = "Algoritmer", "Algoritmer\Algoritmer.csproj", "{15C9C088-7F09-4168-BB67-4619381AE29A}"
EndProject
Global
	GlobalSection(SolutionConfigurationPlatforms) = preSolution
		Debug|Any CPU = Debug|Any CPU
		Release|Any CPU = Release|Any CPU
	EndGlobalSection
	GlobalSection(ProjectConfigurationPlatforms) = postSolution
		{15C9C088-7F09-4168-BB67-4619381AE29A}.Debug|Any CPU.ActiveCfg = Debug|Any CPU
		{15C9C088-7F09-4168-BB67-4619381AE29A}.Debug|Any CPU.Build.0 = Debug|Any CPU
		{15C9C088-7F09-4168-BB67-4619381AE29A}.Release|Any CPU.ActiveCfg = Release|Any CPU
		{15C9C088-7F09-4168-BB67-4619381AE29A}.Release|Any CPU.Build.0 = Release|Any CPU
	EndGlobalSection
	GlobalSection(SolutionProperties) = preSolution
		HideSolutionNode = FALSE
	EndGlobalSection
	GlobalSection(ExtensibilityGlobals) = postSolution
		SolutionGuid = {8F230046-D7A6-4E77-8373-D62116F1CBB5}
	EndGlobalSection
EndGlobal
